{
  "object": {
    "pins": [
      {
        "package": "SwiftProtobuf",
        "repositoryURL": "https://github.com/hewigovens/swift-protobuf.git",
        "state": {
          "branch": "dynamic",
          "revision": "3b4b93b1ba5edb8a9cf183796a662a20f74fb8b4",
          "version": null
        }
      }
    ]
  },
  "version": 1
}
